
Microsoft Visual Studio Solution File, Format Version 12.00
# Visual Studio Version 16
VisualStudioVersion = 16.0.30002.166
MinimumVisualStudioVersion = 10.0.40219.1
Project("{9A19103F-16F7-4668-BE54-9A1E7A4F7556}") = "JETech.SIC.Web", "JETech.SIC.Web.csproj", "{A53C8333-72DE-4216-9090-6611AFBFB00C}"
EndProject
Project("{9A19103F-16F7-4668-BE54-9A1E7A4F7556}") = "JETech.SIC.Core", "..\JETechSic.Core\JETech.SIC.Core.csproj", "{B9278EB1-31A7-4146-9AFC-8A324094C8A9}"
EndProject
Project("{9A19103F-16F7-4668-BE54-9A1E7A4F7556}") = "JETechSic.Core.UnitTest", "..\JETechSic.Core.UnitTest\JETechSic.Core.UnitTest.csproj", "{F1EA2D72-9A21-4262-A89E-CFAA34363213}"
EndProject
Project("{9A19103F-16F7-4668-BE54-9A1E7A4F7556}") = "JETech.NetCoreWeb", "..\..\NetCoreWeb\JETech.NetCoreWeb\JETech.NetCoreWeb.csproj", "{CFFF4587-B0CF-43F1-BC1D-31DD915D408D}"
EndProject
Project("{FAE04EC0-301F-11D3-BF4B-00C04F79EFBC}") = "JETech.DevExtremeCore", "..\..\DevExtremeCore\JETech.DevExtremeCore\JETech.DevExtremeCore.csproj", "{0E878861-E8B3-4C92-8336-2F92E6113F4E}"
EndProject
Global
	GlobalSection(SolutionConfigurationPlatforms) = preSolution
		Debug|Any CPU = Debug|Any CPU
		Release|Any CPU = Release|Any CPU
	EndGlobalSection
	GlobalSection(ProjectConfigurationPlatforms) = postSolution
		{A53C8333-72DE-4216-9090-6611AFBFB00C}.Debug|Any CPU.ActiveCfg = Debug|Any CPU
		{A53C8333-72DE-4216-9090-6611AFBFB00C}.Debug|Any CPU.Build.0 = Debug|Any CPU
		{A53C8333-72DE-4216-9090-6611AFBFB00C}.Release|Any CPU.ActiveCfg = Release|Any CPU
		{A53C8333-72DE-4216-9090-6611AFBFB00C}.Release|Any CPU.Build.0 = Release|Any CPU
		{B9278EB1-31A7-4146-9AFC-8A324094C8A9}.Debug|Any CPU.ActiveCfg = Debug|Any CPU
		{B9278EB1-31A7-4146-9AFC-8A324094C8A9}.Debug|Any CPU.Build.0 = Debug|Any CPU
		{B9278EB1-31A7-4146-9AFC-8A324094C8A9}.Release|Any CPU.ActiveCfg = Release|Any CPU
		{B9278EB1-31A7-4146-9AFC-8A324094C8A9}.Release|Any CPU.Build.0 = Release|Any CPU
		{F1EA2D72-9A21-4262-A89E-CFAA34363213}.Debug|Any CPU.ActiveCfg = Debug|Any CPU
		{F1EA2D72-9A21-4262-A89E-CFAA34363213}.Debug|Any CPU.Build.0 = Debug|Any CPU
		{F1EA2D72-9A21-4262-A89E-CFAA34363213}.Release|Any CPU.ActiveCfg = Release|Any CPU
		{F1EA2D72-9A21-4262-A89E-CFAA34363213}.Release|Any CPU.Build.0 = Release|Any CPU
		{CFFF4587-B0CF-43F1-BC1D-31DD915D408D}.Debug|Any CPU.ActiveCfg = Debug|Any CPU
		{CFFF4587-B0CF-43F1-BC1D-31DD915D408D}.Debug|Any CPU.Build.0 = Debug|Any CPU
		{CFFF4587-B0CF-43F1-BC1D-31DD915D408D}.Release|Any CPU.ActiveCfg = Release|Any CPU
		{CFFF4587-B0CF-43F1-BC1D-31DD915D408D}.Release|Any CPU.Build.0 = Release|Any CPU
		{0E878861-E8B3-4C92-8336-2F92E6113F4E}.Debug|Any CPU.ActiveCfg = Debug|Any CPU
		{0E878861-E8B3-4C92-8336-2F92E6113F4E}.Debug|Any CPU.Build.0 = Debug|Any CPU
		{0E878861-E8B3-4C92-8336-2F92E6113F4E}.Release|Any CPU.ActiveCfg = Release|Any CPU
		{0E878861-E8B3-4C92-8336-2F92E6113F4E}.Release|Any CPU.Build.0 = Release|Any CPU
	EndGlobalSection
	GlobalSection(SolutionProperties) = preSolution
		HideSolutionNode = FALSE
	EndGlobalSection
	GlobalSection(ExtensibilityGlobals) = postSolution
		SolutionGuid = {303DF45F-648E-485A-AD22-FBFAF8AF8D9D}
	EndGlobalSection
EndGlobal
